
Microsoft Visual Studio Solution File, Format Version 12.00
# Visual Studio Version 16
VisualStudioVersion = 16.0.32901.82
MinimumVisualStudioVersion = 10.0.40219.1
Project("{9A19103F-16F7-4668-BE54-9A1E7A4F7556}") = "HW_10", "HW_10.csproj", "{1BB3463E-B7F7-45D3-B347-EF0CB90B3300}"
EndProject
Global
	GlobalSection(SolutionConfigurationPlatforms) = preSolution
		Debug|Any CPU = Debug|Any CPU
		Release|Any CPU = Release|Any CPU
	EndGlobalSection
	GlobalSection(ProjectConfigurationPlatforms) = postSolution
		{1BB3463E-B7F7-45D3-B347-EF0CB90B3300}.Debug|Any CPU.ActiveCfg = Debug|Any CPU
		{1BB3463E-B7F7-45D3-B347-EF0CB90B3300}.Debug|Any CPU.Build.0 = Debug|Any CPU
		{1BB3463E-B7F7-45D3-B347-EF0CB90B3300}.Release|Any CPU.ActiveCfg = Release|Any CPU
		{1BB3463E-B7F7-45D3-B347-EF0CB90B3300}.Release|Any CPU.Build.0 = Release|Any CPU
	EndGlobalSection
	GlobalSection(SolutionProperties) = preSolution
		HideSolutionNode = FALSE
	EndGlobalSection
	GlobalSection(ExtensibilityGlobals) = postSolution
		SolutionGuid = {24377F87-FBD4-42BD-B51B-758925E3CA9A}
	EndGlobalSection
EndGlobal
